
Microsoft Visual Studio Solution File, Format Version 12.00
# Visual Studio Version 17
VisualStudioVersion = 17.8.34309.116
MinimumVisualStudioVersion = 10.0.40219.1
Project("{FAE04EC0-301F-11D3-BF4B-00C04F79EFBC}") = "DownloadHtmlPagingToPdf", "DownloadHtmlPagingToPdf.csproj", "{AC5FA701-D51C-4D1B-B488-F0E3445EE940}"
EndProject
Project("{FAE04EC0-301F-11D3-BF4B-00C04F79EFBC}") = "mergePDF", "mergePDF\mergePDF.csproj", "{C3F18C4A-2B5F-49AE-91AD-A26FB2B7D092}"
EndProject
Global
	GlobalSection(SolutionConfigurationPlatforms) = preSolution
		Debug|Any CPU = Debug|Any CPU
		Release|Any CPU = Release|Any CPU
	EndGlobalSection
	GlobalSection(ProjectConfigurationPlatforms) = postSolution
		{AC5FA701-D51C-4D1B-B488-F0E3445EE940}.Debug|Any CPU.ActiveCfg = Debug|Any CPU
		{AC5FA701-D51C-4D1B-B488-F0E3445EE940}.Debug|Any CPU.Build.0 = Debug|Any CPU
		{AC5FA701-D51C-4D1B-B488-F0E3445EE940}.Release|Any CPU.ActiveCfg = Release|Any CPU
		{AC5FA701-D51C-4D1B-B488-F0E3445EE940}.Release|Any CPU.Build.0 = Release|Any CPU
		{C3F18C4A-2B5F-49AE-91AD-A26FB2B7D092}.Debug|Any CPU.ActiveCfg = Debug|Any CPU
		{C3F18C4A-2B5F-49AE-91AD-A26FB2B7D092}.Debug|Any CPU.Build.0 = Debug|Any CPU
		{C3F18C4A-2B5F-49AE-91AD-A26FB2B7D092}.Release|Any CPU.ActiveCfg = Release|Any CPU
		{C3F18C4A-2B5F-49AE-91AD-A26FB2B7D092}.Release|Any CPU.Build.0 = Release|Any CPU
	EndGlobalSection
	GlobalSection(SolutionProperties) = preSolution
		HideSolutionNode = FALSE
	EndGlobalSection
	GlobalSection(ExtensibilityGlobals) = postSolution
		SolutionGuid = {7AAA83BE-03D8-49E5-B8BE-241833843DDF}
	EndGlobalSection
EndGlobal
